# This file is generated by running "yarn install" inside your project.
# Manual changes might be lost - proceed with caution!

__metadata:
  version: 6
  cacheKey: 8

"@babel/runtime@npm:^7.21.0":
  version: 7.24.6
  resolution: "@babel/runtime@npm:7.24.6"
  dependencies:
    regenerator-runtime: ^0.14.0
  checksum: 44d95ca743898fed31b4cefef31de6fd3cf7906e94493368e9d6538289cc52c6c46185205d9c01d38466a5b3f673550f80892d30b1ed02a2c13e704863a8cc48
  languageName: node
  linkType: hard

"@next/env@npm:14.0.0":
  version: 14.0.0
  resolution: "@next/env@npm:14.0.0"
  checksum: fdeb7373dd91c694eaa42d1cd0f89e1ee275b11aa07363a5bf9471e0c98424c8998ef3f55db411d52cd264079f926afb0e0168df5d6b3c7f11ea4bf8256584ec
  languageName: node
  linkType: hard

"@next/swc-darwin-arm64@npm:14.0.0":
  version: 14.0.0
  resolution: "@next/swc-darwin-arm64@npm:14.0.0"
  conditions: os=darwin & cpu=arm64
  languageName: node
  linkType: hard

"@next/swc-darwin-x64@npm:14.0.0":
  version: 14.0.0
  resolution: "@next/swc-darwin-x64@npm:14.0.0"
  conditions: os=darwin & cpu=x64
  languageName: node
  linkType: hard

"@next/swc-linux-arm64-gnu@npm:14.0.0":
  version: 14.0.0
  resolution: "@next/swc-linux-arm64-gnu@npm:14.0.0"
  conditions: os=linux & cpu=arm64 & libc=glibc
  languageName: node
  linkType: hard

"@next/swc-linux-arm64-musl@npm:14.0.0":
  version: 14.0.0
  resolution: "@next/swc-linux-arm64-musl@npm:14.0.0"
  conditions: os=linux & cpu=arm64 & libc=musl
  languageName: node
  linkType: hard

"@next/swc-linux-x64-gnu@npm:14.0.0":
  version: 14.0.0
  resolution: "@next/swc-linux-x64-gnu@npm:14.0.0"
  conditions: os=linux & cpu=x64 & libc=glibc
  languageName: node
  linkType: hard

"@next/swc-linux-x64-musl@npm:14.0.0":
  version: 14.0.0
  resolution: "@next/swc-linux-x64-musl@npm:14.0.0"
  conditions: os=linux & cpu=x64 & libc=musl
  languageName: node
  linkType: hard

"@next/swc-win32-arm64-msvc@npm:14.0.0":
  version: 14.0.0
  resolution: "@next/swc-win32-arm64-msvc@npm:14.0.0"
  conditions: os=win32 & cpu=arm64
  languageName: node
  linkType: hard

"@next/swc-win32-ia32-msvc@npm:14.0.0":
  version: 14.0.0
  resolution: "@next/swc-win32-ia32-msvc@npm:14.0.0"
  conditions: os=win32 & cpu=ia32
  languageName: node
  linkType: hard

"@next/swc-win32-x64-msvc@npm:14.0.0":
  version: 14.0.0
  resolution: "@next/swc-win32-x64-msvc@npm:14.0.0"
  conditions: os=win32 & cpu=x64
  languageName: node
  linkType: hard

"@swc/helpers@npm:0.5.2":
  version: 0.5.2
  resolution: "@swc/helpers@npm:0.5.2"
  dependencies:
    tslib: ^2.4.0
  checksum: 51d7e3d8bd56818c49d6bfbd715f0dbeedc13cf723af41166e45c03e37f109336bbcb57a1f2020f4015957721aeb21e1a7fff281233d797ff7d3dd1f447fa258
  languageName: node
  linkType: hard

"@types/node@npm:^20.8.9":
  version: 20.12.12
  resolution: "@types/node@npm:20.12.12"
  dependencies:
    undici-types: ~5.26.4
  checksum: 5373983874b9af7c216e7ca5d26b32a8d9829c703a69f1e66f2113598b5be8582c0e009ca97369f1ec9a6282b3f92812208d06eb1e9fc3bd9b939b022303d042
  languageName: node
  linkType: hard

"@types/prop-types@npm:*":
  version: 15.7.12
  resolution: "@types/prop-types@npm:15.7.12"
  checksum: ac16cc3d0a84431ffa5cfdf89579ad1e2269549f32ce0c769321fdd078f84db4fbe1b461ed5a1a496caf09e637c0e367d600c541435716a55b1d9713f5035dfe
  languageName: node
  linkType: hard

"@types/react@npm:18.2.33":
  version: 18.2.33
  resolution: "@types/react@npm:18.2.33"
  dependencies:
    "@types/prop-types": "*"
    "@types/scheduler": "*"
    csstype: ^3.0.2
  checksum: 75903c4d53898c69dd23d0b2730eac4676dc5ade15c25c793dec855f0d7c650cb823832bb1dd881efe8895724f15b06d4bf7081ea0b82391aa3059512ad49ccf
  languageName: node
  linkType: hard

"@types/scheduler@npm:*":
  version: 0.23.0
  resolution: "@types/scheduler@npm:0.23.0"
  checksum: 874d753aa65c17760dfc460a91e6df24009bde37bfd427a031577b30262f7770c1b8f71a21366c7dbc76111967384cf4090a31d65315155180ef14bd7acccb32
  languageName: node
  linkType: hard

"@upstash/redis@npm:1.24.3":
  version: 1.24.3
  resolution: "@upstash/redis@npm:1.24.3"
  dependencies:
    crypto-js: ^4.2.0
  checksum: 7fbecc3b46616e31f60ad0d68f9a8b53d8cf36e53bc35f475b43366d8a832c7fa2fe64f279f7b3ba8a4d184eb7aa5e71586a00df6b3fadf3c05366efd34ceaa3
  languageName: node
  linkType: hard

"@vercel/kv@npm:^0.2.3":
  version: 0.2.4
  resolution: "@vercel/kv@npm:0.2.4"
  dependencies:
    "@upstash/redis": 1.24.3
  checksum: c2827287f70ed978a00bf49c997829ebc869082770d66f0db7ff387694c8eb6cf9acb44088addfccc83eb60f5d3fa00dadba7758cee08a0f7b1b29bb865268d1
  languageName: node
  linkType: hard

"boolbase@npm:^1.0.0":
  version: 1.0.0
  resolution: "boolbase@npm:1.0.0"
  checksum: 3e25c80ef626c3a3487c73dbfc70ac322ec830666c9ad915d11b701142fab25ec1e63eff2c450c74347acfd2de854ccde865cd79ef4db1683f7c7b046ea43bb0
  languageName: node
  linkType: hard

"busboy@npm:1.6.0":
  version: 1.6.0
  resolution: "busboy@npm:1.6.0"
  dependencies:
    streamsearch: ^1.1.0
  checksum: 32801e2c0164e12106bf236291a00795c3c4e4b709ae02132883fe8478ba2ae23743b11c5735a0aae8afe65ac4b6ca4568b91f0d9fed1fdbc32ede824a73746e
  languageName: node
  linkType: hard

"caniuse-lite@npm:^1.0.30001406":
  version: 1.0.30001621
  resolution: "caniuse-lite@npm:1.0.30001621"
  checksum: 0afb65bbf558faea769c16e831fbbd5600c684c0f6bb4ffbc0d38528671fb5cb5d88714804241a88c61872ce289f7c6333aef6cfdfb09277bda0dbdf0aab3459
  languageName: node
  linkType: hard

"cheerio-select@npm:^2.1.0":
  version: 2.1.0
  resolution: "cheerio-select@npm:2.1.0"
  dependencies:
    boolbase: ^1.0.0
    css-select: ^5.1.0
    css-what: ^6.1.0
    domelementtype: ^2.3.0
    domhandler: ^5.0.3
    domutils: ^3.0.1
  checksum: 843d6d479922f28a6c5342c935aff1347491156814de63c585a6eb73baf7bb4185c1b4383a1195dca0f12e3946d737c7763bcef0b9544c515d905c5c44c5308b
  languageName: node
  linkType: hard

"cheerio@npm:1.0.0-rc.12":
  version: 1.0.0-rc.12
  resolution: "cheerio@npm:1.0.0-rc.12"
  dependencies:
    cheerio-select: ^2.1.0
    dom-serializer: ^2.0.0
    domhandler: ^5.0.3
    domutils: ^3.0.1
    htmlparser2: ^8.0.1
    parse5: ^7.0.0
    parse5-htmlparser2-tree-adapter: ^7.0.0
  checksum: 5d4c1b7a53cf22d3a2eddc0aff70cf23cbb30d01a4c79013e703a012475c02461aa1fcd99127e8d83a02216386ed6942b2c8103845fd0812300dd199e6e7e054
  languageName: node
  linkType: hard

"client-only@npm:0.0.1":
  version: 0.0.1
  resolution: "client-only@npm:0.0.1"
  checksum: 0c16bf660dadb90610553c1d8946a7fdfb81d624adea073b8440b7d795d5b5b08beb3c950c6a2cf16279365a3265158a236876d92bce16423c485c322d7dfaf8
  languageName: node
  linkType: hard

"crypto-js@npm:^4.2.0":
  version: 4.2.0
  resolution: "crypto-js@npm:4.2.0"
  checksum: f051666dbc077c8324777f44fbd3aaea2986f198fe85092535130d17026c7c2ccf2d23ee5b29b36f7a4a07312db2fae23c9094b644cc35f7858b1b4fcaf27774
  languageName: node
  linkType: hard

"css-select@npm:^5.1.0":
  version: 5.1.0
  resolution: "css-select@npm:5.1.0"
  dependencies:
    boolbase: ^1.0.0
    css-what: ^6.1.0
    domhandler: ^5.0.2
    domutils: ^3.0.1
    nth-check: ^2.0.1
  checksum: 2772c049b188d3b8a8159907192e926e11824aea525b8282981f72ba3f349cf9ecd523fdf7734875ee2cb772246c22117fc062da105b6d59afe8dcd5c99c9bda
  languageName: node
  linkType: hard

"css-what@npm:^6.1.0":
  version: 6.1.0
  resolution: "css-what@npm:6.1.0"
  checksum: b975e547e1e90b79625918f84e67db5d33d896e6de846c9b584094e529f0c63e2ab85ee33b9daffd05bff3a146a1916bec664e18bb76dd5f66cbff9fc13b2bbe
  languageName: node
  linkType: hard

"csstype@npm:^3.0.2":
  version: 3.1.3
  resolution: "csstype@npm:3.1.3"
  checksum: 8db785cc92d259102725b3c694ec0c823f5619a84741b5c7991b8ad135dfaa66093038a1cc63e03361a6cd28d122be48f2106ae72334e067dd619a51f49eddf7
  languageName: node
  linkType: hard

"date-fns@npm:^2.30.0":
  version: 2.30.0
  resolution: "date-fns@npm:2.30.0"
  dependencies:
    "@babel/runtime": ^7.21.0
  checksum: f7be01523282e9bb06c0cd2693d34f245247a29098527d4420628966a2d9aad154bd0e90a6b1cf66d37adcb769cd108cf8a7bd49d76db0fb119af5cdd13644f4
  languageName: node
  linkType: hard

"deepmerge@npm:^4.2.2":
  version: 4.3.1
  resolution: "deepmerge@npm:4.3.1"
  checksum: 2024c6a980a1b7128084170c4cf56b0fd58a63f2da1660dcfe977415f27b17dbe5888668b59d0b063753f3220719d5e400b7f113609489c90160bb9a5518d052
  languageName: node
  linkType: hard

"dom-serializer@npm:^2.0.0":
  version: 2.0.0
  resolution: "dom-serializer@npm:2.0.0"
  dependencies:
    domelementtype: ^2.3.0
    domhandler: ^5.0.2
    entities: ^4.2.0
  checksum: cd1810544fd8cdfbd51fa2c0c1128ec3a13ba92f14e61b7650b5de421b88205fd2e3f0cc6ace82f13334114addb90ed1c2f23074a51770a8e9c1273acbc7f3e6
  languageName: node
  linkType: hard

"domelementtype@npm:^2.3.0":
  version: 2.3.0
  resolution: "domelementtype@npm:2.3.0"
  checksum: ee837a318ff702622f383409d1f5b25dd1024b692ef64d3096ff702e26339f8e345820f29a68bcdcea8cfee3531776b3382651232fbeae95612d6f0a75efb4f6
  languageName: node
  linkType: hard

"domhandler@npm:^5.0.2, domhandler@npm:^5.0.3":
  version: 5.0.3
  resolution: "domhandler@npm:5.0.3"
  dependencies:
    domelementtype: ^2.3.0
  checksum: 0f58f4a6af63e6f3a4320aa446d28b5790a009018707bce2859dcb1d21144c7876482b5188395a188dfa974238c019e0a1e610d2fc269a12b2c192ea2b0b131c
  languageName: node
  linkType: hard

"domutils@npm:^3.0.1":
  version: 3.1.0
  resolution: "domutils@npm:3.1.0"
  dependencies:
    dom-serializer: ^2.0.0
    domelementtype: ^2.3.0
    domhandler: ^5.0.3
  checksum: e5757456ddd173caa411cfc02c2bb64133c65546d2c4081381a3bafc8a57411a41eed70494551aa58030be9e58574fcc489828bebd673863d39924fb4878f416
  languageName: node
  linkType: hard

"entities@npm:^4.2.0, entities@npm:^4.4.0":
  version: 4.5.0
  resolution: "entities@npm:4.5.0"
  checksum: 853f8ebd5b425d350bffa97dd6958143179a5938352ccae092c62d1267c4e392a039be1bae7d51b6e4ffad25f51f9617531fedf5237f15df302ccfb452cbf2d7
  languageName: node
  linkType: hard

"escape-string-regexp@npm:^4.0.0":
  version: 4.0.0
  resolution: "escape-string-regexp@npm:4.0.0"
  checksum: 98b48897d93060f2322108bf29db0feba7dd774be96cd069458d1453347b25ce8682ecc39859d4bca2203cc0ab19c237bcc71755eff49a0f8d90beadeeba5cc5
  languageName: node
  linkType: hard

"glob-to-regexp@npm:^0.4.1":
  version: 0.4.1
  resolution: "glob-to-regexp@npm:0.4.1"
  checksum: e795f4e8f06d2a15e86f76e4d92751cf8bbfcf0157cea5c2f0f35678a8195a750b34096b1256e436f0cebc1883b5ff0888c47348443e69546a5a87f9e1eb1167
  languageName: node
  linkType: hard

"graceful-fs@npm:^4.1.2":
  version: 4.2.11
  resolution: "graceful-fs@npm:4.2.11"
  checksum: ac85f94da92d8eb6b7f5a8b20ce65e43d66761c55ce85ac96df6865308390da45a8d3f0296dd3a663de65d30ba497bd46c696cc1e248c72b13d6d567138a4fc7
  languageName: node
  linkType: hard

"htmlparser2@npm:^8.0.0, htmlparser2@npm:^8.0.1":
  version: 8.0.2
  resolution: "htmlparser2@npm:8.0.2"
  dependencies:
    domelementtype: ^2.3.0
    domhandler: ^5.0.3
    domutils: ^3.0.1
    entities: ^4.4.0
  checksum: 29167a0f9282f181da8a6d0311b76820c8a59bc9e3c87009e21968264c2987d2723d6fde5a964d4b7b6cba663fca96ffb373c06d8223a85f52a6089ced942700
  languageName: node
  linkType: hard

"is-plain-object@npm:^5.0.0":
  version: 5.0.0
  resolution: "is-plain-object@npm:5.0.0"
  checksum: e32d27061eef62c0847d303125440a38660517e586f2f3db7c9d179ae5b6674ab0f469d519b2e25c147a1a3bc87156d0d5f4d8821e0ce4a9ee7fe1fcf11ce45c
  languageName: node
  linkType: hard

"js-tokens@npm:^3.0.0 || ^4.0.0":
  version: 4.0.0
  resolution: "js-tokens@npm:4.0.0"
  checksum: 8a95213a5a77deb6cbe94d86340e8d9ace2b93bc367790b260101d2f36a2eaf4e4e22d9fa9cf459b38af3a32fb4190e638024cf82ec95ef708680e405ea7cc78
  languageName: node
  linkType: hard

"loose-envify@npm:^1.1.0":
  version: 1.4.0
  resolution: "loose-envify@npm:1.4.0"
  dependencies:
    js-tokens: ^3.0.0 || ^4.0.0
  bin:
    loose-envify: cli.js
  checksum: 6517e24e0cad87ec9888f500c5b5947032cdfe6ef65e1c1936a0c48a524b81e65542c9c3edc91c97d5bddc806ee2a985dbc79be89215d613b1de5db6d1cfe6f4
  languageName: node
  linkType: hard

"marked@npm:^1.2.9":
  version: 1.2.9
  resolution: "marked@npm:1.2.9"
  bin:
    marked: bin/marked
  checksum: c5a461b8081ee8f672197bf6503c49eba3906614eefea29f3188f5dac06a7fca45a0c2d97ed5d0910a1c96696c827f062ae5cc0b37c9a0acdaafb2acb1467a2f
  languageName: node
  linkType: hard

"ms@npm:2.1.3":
  version: 2.1.3
  resolution: "ms@npm:2.1.3"
  checksum: aa92de608021b242401676e35cfa5aa42dd70cbdc082b916da7fb925c542173e36bce97ea3e804923fe92c0ad991434e4a38327e15a1b5b5f945d66df615ae6d
  languageName: node
  linkType: hard

"nanoid@npm:^3.3.6, nanoid@npm:^3.3.7":
  version: 3.3.7
  resolution: "nanoid@npm:3.3.7"
  bin:
    nanoid: bin/nanoid.cjs
  checksum: d36c427e530713e4ac6567d488b489a36582ef89da1d6d4e3b87eded11eb10d7042a877958c6f104929809b2ab0bafa17652b076cdf84324aa75b30b722204f2
  languageName: node
  linkType: hard

"next@npm:14.0.0":
  version: 14.0.0
  resolution: "next@npm:14.0.0"
  dependencies:
    "@next/env": 14.0.0
    "@next/swc-darwin-arm64": 14.0.0
    "@next/swc-darwin-x64": 14.0.0
    "@next/swc-linux-arm64-gnu": 14.0.0
    "@next/swc-linux-arm64-musl": 14.0.0
    "@next/swc-linux-x64-gnu": 14.0.0
    "@next/swc-linux-x64-musl": 14.0.0
    "@next/swc-win32-arm64-msvc": 14.0.0
    "@next/swc-win32-ia32-msvc": 14.0.0
    "@next/swc-win32-x64-msvc": 14.0.0
    "@swc/helpers": 0.5.2
    busboy: 1.6.0
    caniuse-lite: ^1.0.30001406
    postcss: 8.4.31
    styled-jsx: 5.1.1
    watchpack: 2.4.0
  peerDependencies:
    "@opentelemetry/api": ^1.1.0
    react: ^18.2.0
    react-dom: ^18.2.0
    sass: ^1.3.0
  dependenciesMeta:
    "@next/swc-darwin-arm64":
      optional: true
    "@next/swc-darwin-x64":
      optional: true
    "@next/swc-linux-arm64-gnu":
      optional: true
    "@next/swc-linux-arm64-musl":
      optional: true
    "@next/swc-linux-x64-gnu":
      optional: true
    "@next/swc-linux-x64-musl":
      optional: true
    "@next/swc-win32-arm64-msvc":
      optional: true
    "@next/swc-win32-ia32-msvc":
      optional: true
    "@next/swc-win32-x64-msvc":
      optional: true
  peerDependenciesMeta:
    "@opentelemetry/api":
      optional: true
    sass:
      optional: true
  bin:
    next: dist/bin/next
  checksum: 57fb661292229a5fd8fefe7ea43e4c255d7c032f5834ee85fae549f1569982c8545a98a2b100187207d611ef715bc50352fb7c67e62e42af4f06b138d4bd5b2e
  languageName: node
  linkType: hard

"nth-check@npm:^2.0.1":
  version: 2.1.1
  resolution: "nth-check@npm:2.1.1"
  dependencies:
    boolbase: ^1.0.0
  checksum: 5afc3dafcd1573b08877ca8e6148c52abd565f1d06b1eb08caf982e3fa289a82f2cae697ffb55b5021e146d60443f1590a5d6b944844e944714a5b549675bcd3
  languageName: node
  linkType: hard

"oauth@npm:^0.10.0":
  version: 0.10.0
  resolution: "oauth@npm:0.10.0"
  checksum: 68fbcd9fc382985fd6a4856245bb9f78281c08ea238e814288c51e6cfb65e442c9c4eea67d54ec595384eb3f007e7b64ae3b8e67ec309228df44aba64cc9e0c7
  languageName: node
  linkType: hard

"parse-srcset@npm:^1.0.2":
  version: 1.0.2
  resolution: "parse-srcset@npm:1.0.2"
  checksum: 3a0380380c6082021fcce982f0b89fb8a493ce9dfd7d308e5e6d855201e80db8b90438649b31fdd82a3d6089a8ca17dccddaa2b730a718389af4c037b8539ebf
  languageName: node
  linkType: hard

"parse5-htmlparser2-tree-adapter@npm:^7.0.0":
  version: 7.0.0
  resolution: "parse5-htmlparser2-tree-adapter@npm:7.0.0"
  dependencies:
    domhandler: ^5.0.2
    parse5: ^7.0.0
  checksum: fc5d01e07733142a1baf81de5c2a9c41426c04b7ab29dd218acb80cd34a63177c90aff4a4aee66cf9f1d0aeecff1389adb7452ad6f8af0a5888e3e9ad6ef733d
  languageName: node
  linkType: hard

"parse5@npm:^7.0.0":
  version: 7.1.2
  resolution: "parse5@npm:7.1.2"
  dependencies:
    entities: ^4.4.0
  checksum: 59465dd05eb4c5ec87b76173d1c596e152a10e290b7abcda1aecf0f33be49646ea74840c69af975d7887543ea45564801736356c568d6b5e71792fd0f4055713
  languageName: node
  linkType: hard

"picocolors@npm:^1.0.0":
  version: 1.0.1
  resolution: "picocolors@npm:1.0.1"
  checksum: fa68166d1f56009fc02a34cdfd112b0dd3cf1ef57667ac57281f714065558c01828cdf4f18600ad6851cbe0093952ed0660b1e0156bddf2184b6aaf5817553a5
  languageName: node
  linkType: hard

"postcss@npm:8.4.31":
  version: 8.4.31
  resolution: "postcss@npm:8.4.31"
  dependencies:
    nanoid: ^3.3.6
    picocolors: ^1.0.0
    source-map-js: ^1.0.2
  checksum: 1d8611341b073143ad90486fcdfeab49edd243377b1f51834dc4f6d028e82ce5190e4f11bb2633276864503654fb7cab28e67abdc0fbf9d1f88cad4a0ff0beea
  languageName: node
  linkType: hard

"postcss@npm:^8.3.11":
  version: 8.4.38
  resolution: "postcss@npm:8.4.38"
  dependencies:
    nanoid: ^3.3.7
    picocolors: ^1.0.0
    source-map-js: ^1.2.0
  checksum: 649f9e60a763ca4b5a7bbec446a069edf07f057f6d780a5a0070576b841538d1ecf7dd888f2fbfd1f76200e26c969e405aeeae66332e6927dbdc8bdcb90b9451
  languageName: node
  linkType: hard

"react-dom@npm:18.2.0":
  version: 18.2.0
  resolution: "react-dom@npm:18.2.0"
  dependencies:
    loose-envify: ^1.1.0
    scheduler: ^0.23.0
  peerDependencies:
    react: ^18.2.0
  checksum: 7d323310bea3a91be2965f9468d552f201b1c27891e45ddc2d6b8f717680c95a75ae0bc1e3f5cf41472446a2589a75aed4483aee8169287909fcd59ad149e8cc
  languageName: node
  linkType: hard

"react@npm:18.2.0":
  version: 18.2.0
  resolution: "react@npm:18.2.0"
  dependencies:
    loose-envify: ^1.1.0
  checksum: 88e38092da8839b830cda6feef2e8505dec8ace60579e46aa5490fc3dc9bba0bd50336507dc166f43e3afc1c42939c09fe33b25fae889d6f402721dcd78fca1b
  languageName: node
  linkType: hard

"regenerator-runtime@npm:^0.14.0":
  version: 0.14.1
  resolution: "regenerator-runtime@npm:0.14.1"
  checksum: 9f57c93277b5585d3c83b0cf76be47b473ae8c6d9142a46ce8b0291a04bb2cf902059f0f8445dcabb3fb7378e5fe4bb4ea1e008876343d42e46d3b484534ce38
  languageName: node
  linkType: hard

"root-workspace-0b6124@workspace:.":
  version: 0.0.0-use.local
  resolution: "root-workspace-0b6124@workspace:."
  dependencies:
    "@types/node": ^20.8.9
    "@types/react": 18.2.33
    "@vercel/kv": ^0.2.3
    cheerio: 1.0.0-rc.12
    date-fns: ^2.30.0
    marked: ^1.2.9
    ms: 2.1.3
    next: 14.0.0
    oauth: ^0.10.0
    react: 18.2.0
    react-dom: 18.2.0
    sanitize-html: ^2.11.0
    typescript: ^5.2.2
  languageName: unknown
  linkType: soft

"sanitize-html@npm:^2.11.0":
  version: 2.13.0
  resolution: "sanitize-html@npm:2.13.0"
  dependencies:
    deepmerge: ^4.2.2
    escape-string-regexp: ^4.0.0
    htmlparser2: ^8.0.0
    is-plain-object: ^5.0.0
    parse-srcset: ^1.0.2
    postcss: ^8.3.11
  checksum: d88602328306dbbddb9c5e2a5798783a3b38977a7ef40bf81dae31220d7fb583149c1046a33ec6817e9d96d172b1aaa9ea159776eb1ee08f6a0571150114c9bf
  languageName: node
  linkType: hard

"scheduler@npm:^0.23.0":
  version: 0.23.2
  resolution: "scheduler@npm:0.23.2"
  dependencies:
    loose-envify: ^1.1.0
  checksum: 3e82d1f419e240ef6219d794ff29c7ee415fbdc19e038f680a10c067108e06284f1847450a210b29bbaf97b9d8a97ced5f624c31c681248ac84c80d56ad5a2c4
  languageName: node
  linkType: hard

"source-map-js@npm:^1.0.2, source-map-js@npm:^1.2.0":
  version: 1.2.0
  resolution: "source-map-js@npm:1.2.0"
  checksum: 791a43306d9223792e84293b00458bf102a8946e7188f3db0e4e22d8d530b5f80a4ce468eb5ec0bf585443ad55ebbd630bf379c98db0b1f317fd902500217f97
  languageName: node
  linkType: hard

"streamsearch@npm:^1.1.0":
  version: 1.1.0
  resolution: "streamsearch@npm:1.1.0"
  checksum: 1cce16cea8405d7a233d32ca5e00a00169cc0e19fbc02aa839959985f267335d435c07f96e5e0edd0eadc6d39c98d5435fb5bbbdefc62c41834eadc5622ad942
  languageName: node
  linkType: hard

"styled-jsx@npm:5.1.1":
  version: 5.1.1
  resolution: "styled-jsx@npm:5.1.1"
  dependencies:
    client-only: 0.0.1
  peerDependencies:
    react: ">= 16.8.0 || 17.x.x || ^18.0.0-0"
  peerDependenciesMeta:
    "@babel/core":
      optional: true
    babel-plugin-macros:
      optional: true
  checksum: 523a33b38603492547e861b98e29c873939b04e15fbe5ef16132c6f1e15958126647983c7d4675325038b428a5e91183d996e90141b18bdd1bbadf6e2c45b2fa
  languageName: node
  linkType: hard

"tslib@npm:^2.4.0":
  version: 2.6.2
  resolution: "tslib@npm:2.6.2"
  checksum: 329ea56123005922f39642318e3d1f0f8265d1e7fcb92c633e0809521da75eeaca28d2cf96d7248229deb40e5c19adf408259f4b9640afd20d13aecc1430f3ad
  languageName: node
  linkType: hard

"typescript@npm:^5.2.2":
  version: 5.4.5
  resolution: "typescript@npm:5.4.5"
  bin:
    tsc: bin/tsc
    tsserver: bin/tsserver
  checksum: 53c879c6fa1e3bcb194b274d4501ba1985894b2c2692fa079db03c5a5a7140587a1e04e1ba03184605d35f439b40192d9e138eb3279ca8eee313c081c8bcd9b0
  languageName: node
  linkType: hard

"typescript@patch:typescript@^5.2.2#~builtin<compat/typescript>":
  version: 5.4.5
  resolution: "typescript@patch:typescript@npm%3A5.4.5#~builtin<compat/typescript>::version=5.4.5&hash=85af82"
  bin:
    tsc: bin/tsc
    tsserver: bin/tsserver
  checksum: 2373c693f3b328f3b2387c3efafe6d257b057a142f9a79291854b14ff4d5367d3d730810aee981726b677ae0fd8329b23309da3b6aaab8263dbdccf1da07a3ba
  languageName: node
  linkType: hard

"undici-types@npm:~5.26.4":
  version: 5.26.5
  resolution: "undici-types@npm:5.26.5"
  checksum: 3192ef6f3fd5df652f2dc1cd782b49d6ff14dc98e5dced492aa8a8c65425227da5da6aafe22523c67f035a272c599bb89cfe803c1db6311e44bed3042fc25487
  languageName: node
  linkType: hard

"watchpack@npm:2.4.0":
  version: 2.4.0
  resolution: "watchpack@npm:2.4.0"
  dependencies:
    glob-to-regexp: ^0.4.1
    graceful-fs: ^4.1.2
  checksum: 23d4bc58634dbe13b86093e01c6a68d8096028b664ab7139d58f0c37d962d549a940e98f2f201cecdabd6f9c340338dc73ef8bf094a2249ef582f35183d1a131
  languageName: node
  linkType: hard
